
Microsoft Visual Studio Solution File, Format Version 12.00
# Visual Studio Version 17
VisualStudioVersion = 17.12.35707.178 d17.12
MinimumVisualStudioVersion = 10.0.40219.1
Project("{FAE04EC0-301F-11D3-BF4B-00C04F79EFBC}") = "GLobal.Natia.Ge", "GLobal.Natia.Ge\GLobal.Natia.Ge.csproj", "{FF714B2B-8AC4-431B-BFB5-6C32BD616CA2}"
EndProject
Project("{2150E333-8FDC-42A3-9474-1A3956D46DE8}") = "Common", "Common", "{4AAC1A13-73FF-45ED-AECF-3CDC5E08F767}"
EndProject
Project("{2150E333-8FDC-42A3-9474-1A3956D46DE8}") = "Domain", "Domain", "{67A2C380-19FE-4C94-9E93-2EDE45099E52}"
EndProject
Project("{2150E333-8FDC-42A3-9474-1A3956D46DE8}") = "Data", "Data", "{83D8C241-F121-4636-9025-72FF4A69F42E}"
EndProject
Project("{2150E333-8FDC-42A3-9474-1A3956D46DE8}") = "Persistance", "Persistance", "{F7A7E3E1-1547-47B8-A1A0-F83B908563E8}"
EndProject
Project("{FAE04EC0-301F-11D3-BF4B-00C04F79EFBC}") = "Common.Data", "Common.Data\Common.Data.csproj", "{D3751D09-F1BB-4D2D-9F88-91F1EDBFCEF1}"
EndProject
Project("{FAE04EC0-301F-11D3-BF4B-00C04F79EFBC}") = "Common.Domain", "Common.Domain\Common.Domain.csproj", "{FA3C25DC-D7B1-4B2A-B97D-653BD7FC5BA0}"
EndProject
Project("{FAE04EC0-301F-11D3-BF4B-00C04F79EFBC}") = "Common.Persistance", "Common.Persistance\Common.Persistance.csproj", "{E5EA6ACC-317D-49CE-8C3C-896D3E4E58F4}"
EndProject
Project("{2150E333-8FDC-42A3-9474-1A3956D46DE8}") = "Ui", "Ui", "{6C07C789-795E-4C5D-9B28-C8B632D1AAE6}"
EndProject
Global
	GlobalSection(SolutionConfigurationPlatforms) = preSolution
		Debug|Any CPU = Debug|Any CPU
		Release|Any CPU = Release|Any CPU
	EndGlobalSection
	GlobalSection(ProjectConfigurationPlatforms) = postSolution
		{FF714B2B-8AC4-431B-BFB5-6C32BD616CA2}.Debug|Any CPU.ActiveCfg = Debug|Any CPU
		{FF714B2B-8AC4-431B-BFB5-6C32BD616CA2}.Debug|Any CPU.Build.0 = Debug|Any CPU
		{FF714B2B-8AC4-431B-BFB5-6C32BD616CA2}.Release|Any CPU.ActiveCfg = Release|Any CPU
		{FF714B2B-8AC4-431B-BFB5-6C32BD616CA2}.Release|Any CPU.Build.0 = Release|Any CPU
		{D3751D09-F1BB-4D2D-9F88-91F1EDBFCEF1}.Debug|Any CPU.ActiveCfg = Debug|Any CPU
		{D3751D09-F1BB-4D2D-9F88-91F1EDBFCEF1}.Debug|Any CPU.Build.0 = Debug|Any CPU
		{D3751D09-F1BB-4D2D-9F88-91F1EDBFCEF1}.Release|Any CPU.ActiveCfg = Release|Any CPU
		{D3751D09-F1BB-4D2D-9F88-91F1EDBFCEF1}.Release|Any CPU.Build.0 = Release|Any CPU
		{FA3C25DC-D7B1-4B2A-B97D-653BD7FC5BA0}.Debug|Any CPU.ActiveCfg = Debug|Any CPU
		{FA3C25DC-D7B1-4B2A-B97D-653BD7FC5BA0}.Debug|Any CPU.Build.0 = Debug|Any CPU
		{FA3C25DC-D7B1-4B2A-B97D-653BD7FC5BA0}.Release|Any CPU.ActiveCfg = Release|Any CPU
		{FA3C25DC-D7B1-4B2A-B97D-653BD7FC5BA0}.Release|Any CPU.Build.0 = Release|Any CPU
		{E5EA6ACC-317D-49CE-8C3C-896D3E4E58F4}.Debug|Any CPU.ActiveCfg = Debug|Any CPU
		{E5EA6ACC-317D-49CE-8C3C-896D3E4E58F4}.Debug|Any CPU.Build.0 = Debug|Any CPU
		{E5EA6ACC-317D-49CE-8C3C-896D3E4E58F4}.Release|Any CPU.ActiveCfg = Release|Any CPU
		{E5EA6ACC-317D-49CE-8C3C-896D3E4E58F4}.Release|Any CPU.Build.0 = Release|Any CPU
	EndGlobalSection
	GlobalSection(SolutionProperties) = preSolution
		HideSolutionNode = FALSE
	EndGlobalSection
	GlobalSection(NestedProjects) = preSolution
		{FF714B2B-8AC4-431B-BFB5-6C32BD616CA2} = {6C07C789-795E-4C5D-9B28-C8B632D1AAE6}
		{67A2C380-19FE-4C94-9E93-2EDE45099E52} = {4AAC1A13-73FF-45ED-AECF-3CDC5E08F767}
		{83D8C241-F121-4636-9025-72FF4A69F42E} = {4AAC1A13-73FF-45ED-AECF-3CDC5E08F767}
		{F7A7E3E1-1547-47B8-A1A0-F83B908563E8} = {4AAC1A13-73FF-45ED-AECF-3CDC5E08F767}
		{D3751D09-F1BB-4D2D-9F88-91F1EDBFCEF1} = {83D8C241-F121-4636-9025-72FF4A69F42E}
		{FA3C25DC-D7B1-4B2A-B97D-653BD7FC5BA0} = {67A2C380-19FE-4C94-9E93-2EDE45099E52}
		{E5EA6ACC-317D-49CE-8C3C-896D3E4E58F4} = {F7A7E3E1-1547-47B8-A1A0-F83B908563E8}
	EndGlobalSection
EndGlobal
